
Microsoft Visual Studio Solution File, Format Version 10.00
# Visual Studio 2008
Project("{2150E333-8FDC-42A3-9474-1A3956D46DE8}") = "shared", "shared", "{49B127DF-AE05-43DF-9EB5-683A252896D8}"
EndProject
Project("{8BC9CEB8-8B4A-11D0-8D11-00A0C91BC942}") = "core", "core.vcproj", "{D5F31E14-4C22-4A60-BEFD-FD581E78B6EF}"
EndProject
Project("{8BC9CEB8-8B4A-11D0-8D11-00A0C91BC942}") = "ut", "ut.vcproj", "{D83550FC-61CB-41A8-8214-EBAFB7231C62}"
	ProjectSection(ProjectDependencies) = postProject
		{D5F31E14-4C22-4A60-BEFD-FD581E78B6EF} = {D5F31E14-4C22-4A60-BEFD-FD581E78B6EF}
	EndProjectSection
EndProject
Project("{8BC9CEB8-8B4A-11D0-8D11-00A0C91BC942}") = "connectserver", "connectserver.vcproj", "{C0F1842D-82A5-4D4F-AC43-A4E07C0F8F26}"
	ProjectSection(ProjectDependencies) = postProject
		{D5F31E14-4C22-4A60-BEFD-FD581E78B6EF} = {D5F31E14-4C22-4A60-BEFD-FD581E78B6EF}
	EndProjectSection
EndProject
Global
	GlobalSection(SolutionConfigurationPlatforms) = preSolution
		Debug|Win32 = Debug|Win32
		Release|Win32 = Release|Win32
		UnitTesting|Win32 = UnitTesting|Win32
	EndGlobalSection
	GlobalSection(ProjectConfigurationPlatforms) = postSolution
		{D5F31E14-4C22-4A60-BEFD-FD581E78B6EF}.Debug|Win32.ActiveCfg = Debug|Win32
		{D5F31E14-4C22-4A60-BEFD-FD581E78B6EF}.Debug|Win32.Build.0 = Debug|Win32
		{D5F31E14-4C22-4A60-BEFD-FD581E78B6EF}.Release|Win32.ActiveCfg = Release|Win32
		{D5F31E14-4C22-4A60-BEFD-FD581E78B6EF}.Release|Win32.Build.0 = Release|Win32
		{D5F31E14-4C22-4A60-BEFD-FD581E78B6EF}.UnitTesting|Win32.ActiveCfg = UnitTesting|Win32
		{D5F31E14-4C22-4A60-BEFD-FD581E78B6EF}.UnitTesting|Win32.Build.0 = UnitTesting|Win32
		{D83550FC-61CB-41A8-8214-EBAFB7231C62}.Debug|Win32.ActiveCfg = Debug|Win32
		{D83550FC-61CB-41A8-8214-EBAFB7231C62}.Release|Win32.ActiveCfg = Release|Win32
		{D83550FC-61CB-41A8-8214-EBAFB7231C62}.UnitTesting|Win32.ActiveCfg = UnitTesting|Win32
		{D83550FC-61CB-41A8-8214-EBAFB7231C62}.UnitTesting|Win32.Build.0 = UnitTesting|Win32
		{C0F1842D-82A5-4D4F-AC43-A4E07C0F8F26}.Debug|Win32.ActiveCfg = Debug|Win32
		{C0F1842D-82A5-4D4F-AC43-A4E07C0F8F26}.Debug|Win32.Build.0 = Debug|Win32
		{C0F1842D-82A5-4D4F-AC43-A4E07C0F8F26}.Release|Win32.ActiveCfg = Release|Win32
		{C0F1842D-82A5-4D4F-AC43-A4E07C0F8F26}.Release|Win32.Build.0 = Release|Win32
		{C0F1842D-82A5-4D4F-AC43-A4E07C0F8F26}.UnitTesting|Win32.ActiveCfg = UnitTesting|Win32
		{C0F1842D-82A5-4D4F-AC43-A4E07C0F8F26}.UnitTesting|Win32.Build.0 = UnitTesting|Win32
	EndGlobalSection
	GlobalSection(SolutionProperties) = preSolution
		HideSolutionNode = FALSE
	EndGlobalSection
EndGlobal
